
Microsoft Visual Studio Solution File, Format Version 12.00
# Visual Studio Version 17
VisualStudioVersion = 17.13.35931.197 d17.13
MinimumVisualStudioVersion = 10.0.40219.1
Project("{FAE04EC0-301F-11D3-BF4B-00C04F79EFBC}") = "JLox", "JLox.csproj", "{BB221A7F-0161-44AE-BED8-9EDBEB95DB5D}"
EndProject
Global
	GlobalSection(SolutionConfigurationPlatforms) = preSolution
		Debug|Any CPU = Debug|Any CPU
		Release|Any CPU = Release|Any CPU
	EndGlobalSection
	GlobalSection(ProjectConfigurationPlatforms) = postSolution
		{BB221A7F-0161-44AE-BED8-9EDBEB95DB5D}.Debug|Any CPU.ActiveCfg = Debug|Any CPU
		{BB221A7F-0161-44AE-BED8-9EDBEB95DB5D}.Debug|Any CPU.Build.0 = Debug|Any CPU
		{BB221A7F-0161-44AE-BED8-9EDBEB95DB5D}.Release|Any CPU.ActiveCfg = Release|Any CPU
		{BB221A7F-0161-44AE-BED8-9EDBEB95DB5D}.Release|Any CPU.Build.0 = Release|Any CPU
	EndGlobalSection
	GlobalSection(SolutionProperties) = preSolution
		HideSolutionNode = FALSE
	EndGlobalSection
	GlobalSection(ExtensibilityGlobals) = postSolution
		SolutionGuid = {AE4C3884-C4A8-471D-8EF6-CE9194BC5E62}
	EndGlobalSection
EndGlobal
